{
  "name": "01-js-local-test",
  "version": "0.1.0",
  "lockfileVersion": 3,
  "requires": true,
  "packages": {
    "": {
      "name": "01-js-local-test",
      "version": "0.1.0",
      "license": "MIT",
      "bin": {
        "01-js-test": "bin/01-js-test.mjs",
        "js-test": "bin/01-js-test.mjs"
      },
      "engines": {
        "node": ">=18"
      }
    }
  }
}
